
Microsoft Visual Studio Solution File, Format Version 12.00
# Visual Studio Version 16
VisualStudioVersion = 16.0.31515.178
MinimumVisualStudioVersion = 10.0.40219.1
Project("{9A19103F-16F7-4668-BE54-9A1E7A4F7556}") = "Articles", "Articles\Articles.csproj", "{1A377666-9919-47D0-9BFE-F8C72F91228F}"
EndProject
Project("{9A19103F-16F7-4668-BE54-9A1E7A4F7556}") = "Articles.Client", "Article.Client\Articles.Client.csproj", "{56B56044-85FE-4484-A7ED-882E1B859FD2}"
EndProject
Global
	GlobalSection(SolutionConfigurationPlatforms) = preSolution
		Debug|Any CPU = Debug|Any CPU
		Release|Any CPU = Release|Any CPU
	EndGlobalSection
	GlobalSection(ProjectConfigurationPlatforms) = postSolution
		{1A377666-9919-47D0-9BFE-F8C72F91228F}.Debug|Any CPU.ActiveCfg = Debug|Any CPU
		{1A377666-9919-47D0-9BFE-F8C72F91228F}.Debug|Any CPU.Build.0 = Debug|Any CPU
		{1A377666-9919-47D0-9BFE-F8C72F91228F}.Release|Any CPU.ActiveCfg = Release|Any CPU
		{1A377666-9919-47D0-9BFE-F8C72F91228F}.Release|Any CPU.Build.0 = Release|Any CPU
		{56B56044-85FE-4484-A7ED-882E1B859FD2}.Debug|Any CPU.ActiveCfg = Debug|Any CPU
		{56B56044-85FE-4484-A7ED-882E1B859FD2}.Debug|Any CPU.Build.0 = Debug|Any CPU
		{56B56044-85FE-4484-A7ED-882E1B859FD2}.Release|Any CPU.ActiveCfg = Release|Any CPU
		{56B56044-85FE-4484-A7ED-882E1B859FD2}.Release|Any CPU.Build.0 = Release|Any CPU
	EndGlobalSection
	GlobalSection(SolutionProperties) = preSolution
		HideSolutionNode = FALSE
	EndGlobalSection
	GlobalSection(ExtensibilityGlobals) = postSolution
		SolutionGuid = {084F3EC6-E7E6-42F2-8C42-0DA1467411EF}
	EndGlobalSection
EndGlobal
